
Microsoft Visual Studio Solution File, Format Version 12.00
# Visual Studio 14
VisualStudioVersion = 14.0.25420.1
MinimumVisualStudioVersion = 10.0.40219.1
Project("{FAE04EC0-301F-11D3-BF4B-00C04F79EFBC}") = "dotNettbank", "dotNettbank\dotNettbank.csproj", "{1F127D0F-D9E8-4384-948C-B1F6B07DF550}"
EndProject
Project("{FAE04EC0-301F-11D3-BF4B-00C04F79EFBC}") = "DAL", "DAL\DAL.csproj", "{B417E17B-D316-4220-97B6-31CBDD05321E}"
EndProject
Project("{FAE04EC0-301F-11D3-BF4B-00C04F79EFBC}") = "BLL", "BLL\BLL.csproj", "{A5B85F04-897C-4139-A723-D67C10C2BEF7}"
EndProject
Project("{FAE04EC0-301F-11D3-BF4B-00C04F79EFBC}") = "Model", "Model\Model.csproj", "{585E1812-2D2C-403F-845F-234AEB4A8575}"
EndProject
Project("{FAE04EC0-301F-11D3-BF4B-00C04F79EFBC}") = "dotNettbankAdmin", "dotNettbankAdmin\dotNettbankAdmin.csproj", "{66A345C7-313B-4BC2-B8CE-047C6E628B43}"
EndProject
Project("{FAE04EC0-301F-11D3-BF4B-00C04F79EFBC}") = "dotNettbankAdmin.Tests", "dotNettbankAdmin.Tests\dotNettbankAdmin.Tests.csproj", "{44A18D70-C270-4FD2-9542-02FAD3D526A0}"
EndProject
Global
	GlobalSection(SolutionConfigurationPlatforms) = preSolution
		Debug|Any CPU = Debug|Any CPU
		Release|Any CPU = Release|Any CPU
	EndGlobalSection
	GlobalSection(ProjectConfigurationPlatforms) = postSolution
		{1F127D0F-D9E8-4384-948C-B1F6B07DF550}.Debug|Any CPU.ActiveCfg = Debug|Any CPU
		{1F127D0F-D9E8-4384-948C-B1F6B07DF550}.Debug|Any CPU.Build.0 = Debug|Any CPU
		{1F127D0F-D9E8-4384-948C-B1F6B07DF550}.Release|Any CPU.ActiveCfg = Release|Any CPU
		{1F127D0F-D9E8-4384-948C-B1F6B07DF550}.Release|Any CPU.Build.0 = Release|Any CPU
		{B417E17B-D316-4220-97B6-31CBDD05321E}.Debug|Any CPU.ActiveCfg = Debug|Any CPU
		{B417E17B-D316-4220-97B6-31CBDD05321E}.Debug|Any CPU.Build.0 = Debug|Any CPU
		{B417E17B-D316-4220-97B6-31CBDD05321E}.Release|Any CPU.ActiveCfg = Release|Any CPU
		{B417E17B-D316-4220-97B6-31CBDD05321E}.Release|Any CPU.Build.0 = Release|Any CPU
		{A5B85F04-897C-4139-A723-D67C10C2BEF7}.Debug|Any CPU.ActiveCfg = Debug|Any CPU
		{A5B85F04-897C-4139-A723-D67C10C2BEF7}.Debug|Any CPU.Build.0 = Debug|Any CPU
		{A5B85F04-897C-4139-A723-D67C10C2BEF7}.Release|Any CPU.ActiveCfg = Release|Any CPU
		{A5B85F04-897C-4139-A723-D67C10C2BEF7}.Release|Any CPU.Build.0 = Release|Any CPU
		{585E1812-2D2C-403F-845F-234AEB4A8575}.Debug|Any CPU.ActiveCfg = Debug|Any CPU
		{585E1812-2D2C-403F-845F-234AEB4A8575}.Debug|Any CPU.Build.0 = Debug|Any CPU
		{585E1812-2D2C-403F-845F-234AEB4A8575}.Release|Any CPU.ActiveCfg = Release|Any CPU
		{585E1812-2D2C-403F-845F-234AEB4A8575}.Release|Any CPU.Build.0 = Release|Any CPU
		{66A345C7-313B-4BC2-B8CE-047C6E628B43}.Debug|Any CPU.ActiveCfg = Debug|Any CPU
		{66A345C7-313B-4BC2-B8CE-047C6E628B43}.Debug|Any CPU.Build.0 = Debug|Any CPU
		{66A345C7-313B-4BC2-B8CE-047C6E628B43}.Release|Any CPU.ActiveCfg = Release|Any CPU
		{66A345C7-313B-4BC2-B8CE-047C6E628B43}.Release|Any CPU.Build.0 = Release|Any CPU
		{44A18D70-C270-4FD2-9542-02FAD3D526A0}.Debug|Any CPU.ActiveCfg = Debug|Any CPU
		{44A18D70-C270-4FD2-9542-02FAD3D526A0}.Debug|Any CPU.Build.0 = Debug|Any CPU
		{44A18D70-C270-4FD2-9542-02FAD3D526A0}.Release|Any CPU.ActiveCfg = Release|Any CPU
		{44A18D70-C270-4FD2-9542-02FAD3D526A0}.Release|Any CPU.Build.0 = Release|Any CPU
	EndGlobalSection
	GlobalSection(SolutionProperties) = preSolution
		HideSolutionNode = FALSE
	EndGlobalSection
EndGlobal
